<?xml version="1.0" encoding="utf-8"?>
<Project ToolsVersion="4.0" xmlns="http://schemas.microsoft.com/developer/msbuild/2003">
  <ItemGroup>
    <Filter Include="src">
      <UniqueIdentifier>{e487ea2f-dbf7-49c6-bd70-00519f35c76c}</UniqueIdentifier>
    </Filter>
    <Filter Include="include">
      <UniqueIdentifier>{8401200f-3325-4487-8cb9-70056bdcf755}</UniqueIdentifier>
    </Filter>
  </ItemGroup>
  <ItemGroup>
    <ClCompile Include="src\main.cpp">
      <Filter>src</Filter>
    </ClCompile>
    <ClCompile Include="src\PCH.cpp">
      <Filter>src</Filter>
    </ClCompile>
    <ClCompile Include="src\AIProcessFunction.cpp">
      <Filter>src</Filter>
    </ClCompile>
    <ClCompile Include="src\AIProcessData.cpp">
      <Filter>src</Filter>
    </ClCompile>
    <ClCompile Include="src\AIProcessLoadGameFunc.cpp">
      <Filter>src</Filter>
    </ClCompile>
    <ClCompile Include="src\MaxsuLogsBackUp.cpp">
      <Filter>src</Filter>
    </ClCompile>
    <ClCompile Include="src\AIProcess_Guards.cpp">
      <Filter>src</Filter>
    </ClCompile>
    <ClCompile Include="src\AIProcessEvent_SleepWait.cpp">
      <Filter>src</Filter>
    </ClCompile>
    <ClCompile Include="src\AIProcessEvent_FastTravel.cpp">
      <Filter>src</Filter>
    </ClCompile>
  </ItemGroup>
  <ItemGroup>
    <ClInclude Include="src\PCH.h">
      <Filter>src</Filter>
    </ClInclude>
    <ClInclude Include="src\version.h">
      <Filter>src</Filter>
    </ClInclude>
    <ClInclude Include="include\AIProcessFunction.h">
      <Filter>include</Filter>
    </ClInclude>
    <ClInclude Include="include\AIProcessData.h">
      <Filter>include</Filter>
    </ClInclude>
    <ClInclude Include="include\AIProcessLoadGameFunc.h">
      <Filter>include</Filter>
    </ClInclude>
    <ClInclude Include="include\MaxsuLogsBackUp.h">
      <Filter>include</Filter>
    </ClInclude>
    <ClInclude Include="include\AIProcess_Guards.h">
      <Filter>include</Filter>
    </ClInclude>
    <ClInclude Include="include\AIProcessEvent_SleepWait.h">
      <Filter>include</Filter>
    </ClInclude>
    <ClInclude Include="include\AIProcessEvent_FastTravel.h">
      <Filter>include</Filter>
    </ClInclude>
  </ItemGroup>
  <ItemGroup>
    <None Include=".clang-format" />
  </ItemGroup>
  <ItemGroup>
    <ResourceCompile Include="version.rc" />
  </ItemGroup>
</Project>